
Microsoft Visual Studio Solution File, Format Version 12.00
# Visual Studio Version 16
VisualStudioVersion = 16.0.30717.126
MinimumVisualStudioVersion = 10.0.40219.1
Project("{FAE04EC0-301F-11D3-BF4B-00C04F79EFBC}") = "StudentManagement", "StudentManagement\StudentManagement.csproj", "{531A9299-E26F-4689-9992-37738EBCF24F}"
EndProject
Global
	GlobalSection(SolutionConfigurationPlatforms) = preSolution
		Debug|Any CPU = Debug|Any CPU
		Release|Any CPU = Release|Any CPU
	EndGlobalSection
	GlobalSection(ProjectConfigurationPlatforms) = postSolution
		{531A9299-E26F-4689-9992-37738EBCF24F}.Debug|Any CPU.ActiveCfg = Debug|Any CPU
		{531A9299-E26F-4689-9992-37738EBCF24F}.Debug|Any CPU.Build.0 = Debug|Any CPU
		{531A9299-E26F-4689-9992-37738EBCF24F}.Release|Any CPU.ActiveCfg = Release|Any CPU
		{531A9299-E26F-4689-9992-37738EBCF24F}.Release|Any CPU.Build.0 = Release|Any CPU
	EndGlobalSection
	GlobalSection(SolutionProperties) = preSolution
		HideSolutionNode = FALSE
	EndGlobalSection
	GlobalSection(ExtensibilityGlobals) = postSolution
		SolutionGuid = {752F511C-174D-405B-A2DC-0A9812A11D6F}
	EndGlobalSection
EndGlobal
